// !$*UTF8*$!
{
	archiveVersion = 1;
	classes = {
	};
	objectVersion = 63;
	objects = {

/* Begin PBXBuildFile section */
		0E1FCFA6ACBCC9F0D800063C /* Camera.swift in Sources */ = {isa = PBXBuildFile; fileRef = 10CD65B1154133792C019AA4 /* Camera.swift */; };
		1B3D716A8EE18AC92A2B1314 /* ImagePicker.swift in Sources */ = {isa = PBXBuildFile; fileRef = BC3AEE678AFA4CBE8407C2E0 /* ImagePicker.swift */; };
		660C57B32E6FFB830069779C /* YOLOv8.mlpackage in Sources */ = {isa = PBXBuildFile; fileRef = 660C57B22E6FFB830069779C /* YOLOv8.mlpackage */; };
		660C57B52E700CC30069779C /* Prediction.swift in Sources */ = {isa = PBXBuildFile; fileRef = 660C57B42E700CBE0069779C /* Prediction.swift */; };
		7009DD61CFD091F6D20D2070 /* best.pt in Resources */ = {isa = PBXBuildFile; fileRef = CE9D21DCFDDFADB1B84D420A /* best.pt */; };
		8D462CFE8EDE623CBC3886A1 /* DetectionViewModel.swift in Sources */ = {isa = PBXBuildFile; fileRef = 0AE0A432B734DB32415116AB /* DetectionViewModel.swift */; };
		9E8EC6431B62BD48F7238310 /* App.swift in Sources */ = {isa = PBXBuildFile; fileRef = 6D3C75F52E5E148801DE377E /* App.swift */; };
		A127CD36DE17876B2147F45A /* SettingsView.swift in Sources */ = {isa = PBXBuildFile; fileRef = 8F0FE6F325F7407AE2F51B8A /* SettingsView.swift */; };
		A2C9C0DFA9CA7C5973AB7D85 /* Assets.xcassets in Resources */ = {isa = PBXBuildFile; fileRef = 2DE63437F9C83C3A3521357C /* Assets.xcassets */; };
		B83C3C769C63CB8AFECF6D78 /* Overlay.swift in Sources */ = {isa = PBXBuildFile; fileRef = 82EFC382C637B6F2968DC9B0 /* Overlay.swift */; };
		BF0056B7766FD333CC4816AB /* ContentView.swift in Sources */ = {isa = PBXBuildFile; fileRef = EFA0911D0F94046A3BC6DF5F /* ContentView.swift */; };
		D4C294922303904A7A6A935E /* labels.txt in Resources */ = {isa = PBXBuildFile; fileRef = 667D88858AE84AE5EAA0D871 /* labels.txt */; };
/* End PBXBuildFile section */

/* Begin PBXFileReference section */
		0AE0A432B734DB32415116AB /* DetectionViewModel.swift */ = {isa = PBXFileReference; lastKnownFileType = sourcecode.swift; path = DetectionViewModel.swift; sourceTree = "<group>"; };
		10CD65B1154133792C019AA4 /* Camera.swift */ = {isa = PBXFileReference; lastKnownFileType = sourcecode.swift; path = Camera.swift; sourceTree = "<group>"; };
		2DE63437F9C83C3A3521357C /* Assets.xcassets */ = {isa = PBXFileReference; lastKnownFileType = folder.assetcatalog; path = Assets.xcassets; sourceTree = "<group>"; };
		660C57B22E6FFB830069779C /* YOLOv8.mlpackage */ = {isa = PBXFileReference; lastKnownFileType = folder.mlpackage; path = YOLOv8.mlpackage; sourceTree = "<group>"; };
		660C57B42E700CBE0069779C /* Prediction.swift */ = {isa = PBXFileReference; lastKnownFileType = sourcecode.swift; path = Prediction.swift; sourceTree = "<group>"; };
		667D88858AE84AE5EAA0D871 /* labels.txt */ = {isa = PBXFileReference; lastKnownFileType = text; path = labels.txt; sourceTree = "<group>"; };
		67DD52B20F70D0325C8A4C9E /* Info.plist */ = {isa = PBXFileReference; lastKnownFileType = text.plist; path = Info.plist; sourceTree = "<group>"; };
		6D3C75F52E5E148801DE377E /* App.swift */ = {isa = PBXFileReference; lastKnownFileType = sourcecode.swift; path = App.swift; sourceTree = "<group>"; };
		82EFC382C637B6F2968DC9B0 /* Overlay.swift */ = {isa = PBXFileReference; lastKnownFileType = sourcecode.swift; path = Overlay.swift; sourceTree = "<group>"; };
		8F0FE6F325F7407AE2F51B8A /* SettingsView.swift */ = {isa = PBXFileReference; lastKnownFileType = sourcecode.swift; path = SettingsView.swift; sourceTree = "<group>"; };
		8FF4CF752A37030FE5C75A05 /* YOLOv8Demo.app */ = {isa = PBXFileReference; explicitFileType = wrapper.application; includeInIndex = 0; path = YOLOv8Demo.app; sourceTree = BUILT_PRODUCTS_DIR; };
		BC3AEE678AFA4CBE8407C2E0 /* ImagePicker.swift */ = {isa = PBXFileReference; lastKnownFileType = sourcecode.swift; path = ImagePicker.swift; sourceTree = "<group>"; };
		CE9D21DCFDDFADB1B84D420A /* best.pt */ = {isa = PBXFileReference; lastKnownFileType = file; path = best.pt; sourceTree = "<group>"; };
		EFA0911D0F94046A3BC6DF5F /* ContentView.swift */ = {isa = PBXFileReference; lastKnownFileType = sourcecode.swift; path = ContentView.swift; sourceTree = "<group>"; };
/* End PBXFileReference section */

/* Begin PBXGroup section */
		03B07EA73FC86E12C828DEFD /* Resources */ = {
			isa = PBXGroup;
			children = (
				2DE63437F9C83C3A3521357C /* Assets.xcassets */,
				67DD52B20F70D0325C8A4C9E /* Info.plist */,
				7DDD923E4D9A09C4442C98D4 /* Models */,
			);
			path = Resources;
			sourceTree = "<group>";
		};
		2069E0F03906A3F99609E1EF = {
			isa = PBXGroup;
			children = (
				03B07EA73FC86E12C828DEFD /* Resources */,
				FD7AF694DE4C672A35BACEE8 /* Sources */,
				B124A3E6DB3373189B6C4F37 /* Products */,
			);
			sourceTree = "<group>";
		};
		7DDD923E4D9A09C4442C98D4 /* Models */ = {
			isa = PBXGroup;
			children = (
				CE9D21DCFDDFADB1B84D420A /* best.pt */,
				667D88858AE84AE5EAA0D871 /* labels.txt */,
				660C57B22E6FFB830069779C /* YOLOv8.mlpackage */,
			);
			path = Models;
			sourceTree = "<group>";
		};
		B124A3E6DB3373189B6C4F37 /* Products */ = {
			isa = PBXGroup;
			children = (
				8FF4CF752A37030FE5C75A05 /* YOLOv8Demo.app */,
			);
			name = Products;
			sourceTree = "<group>";
		};
		FD7AF694DE4C672A35BACEE8 /* Sources */ = {
			isa = PBXGroup;
			children = (
				6D3C75F52E5E148801DE377E /* App.swift */,
				10CD65B1154133792C019AA4 /* Camera.swift */,
				EFA0911D0F94046A3BC6DF5F /* ContentView.swift */,
				0AE0A432B734DB32415116AB /* DetectionViewModel.swift */,
				BC3AEE678AFA4CBE8407C2E0 /* ImagePicker.swift */,
				82EFC382C637B6F2968DC9B0 /* Overlay.swift */,
				8F0FE6F325F7407AE2F51B8A /* SettingsView.swift */,
				660C57B42E700CBE0069779C /* Prediction.swift */,
			);
			path = Sources;
			sourceTree = "<group>";
		};
/* End PBXGroup section */

/* Begin PBXNativeTarget section */
		D326CCDE13A3128A476644AA /* YOLOv8Demo */ = {
			isa = PBXNativeTarget;
			buildConfigurationList = C6D01ED2F369C324E47FCCE1 /* Build configuration list for PBXNativeTarget "YOLOv8Demo" */;
			buildPhases = (
				C8112CCF01BD88EE4A63A6E0 /* Sources */,
				22D135E55C6871BB7D23DD86 /* Resources */,
			);
			buildRules = (
			);
			dependencies = (
			);
			name = YOLOv8Demo;
			packageProductDependencies = (
			);
			productName = YOLOv8Demo;
			productReference = 8FF4CF752A37030FE5C75A05 /* YOLOv8Demo.app */;
			productType = "com.apple.product-type.application";
		};
/* End PBXNativeTarget section */

/* Begin PBXProject section */
		EB4DC85892C14F77388264BE /* Project object */ = {
			isa = PBXProject;
			attributes = {
				BuildIndependentTargetsInParallel = YES;
				LastUpgradeCheck = 1430;
				TargetAttributes = {
					D326CCDE13A3128A476644AA = {
						ProvisioningStyle = Automatic;
					};
				};
			};
			buildConfigurationList = CD28099F64CA194C0697ECB9 /* Build configuration list for PBXProject "YOLOv8Demo" */;
			compatibilityVersion = "Xcode 14.0";
			developmentRegion = en;
			hasScannedForEncodings = 0;
			knownRegions = (
				Base,
				en,
			);
			mainGroup = 2069E0F03906A3F99609E1EF;
			minimizedProjectReferenceProxies = 1;
			projectDirPath = "";
			projectRoot = "";
			targets = (
				D326CCDE13A3128A476644AA /* YOLOv8Demo */,
			);
		};
/* End PBXProject section */

/* Begin PBXResourcesBuildPhase section */
		22D135E55C6871BB7D23DD86 /* Resources */ = {
			isa = PBXResourcesBuildPhase;
			buildActionMask = 2147483647;
			files = (
				A2C9C0DFA9CA7C5973AB7D85 /* Assets.xcassets in Resources */,
				7009DD61CFD091F6D20D2070 /* best.pt in Resources */,
				D4C294922303904A7A6A935E /* labels.txt in Resources */,
			);
			runOnlyForDeploymentPostprocessing = 0;
		};
/* End PBXResourcesBuildPhase section */

/* Begin PBXSourcesBuildPhase section */
		C8112CCF01BD88EE4A63A6E0 /* Sources */ = {
			isa = PBXSourcesBuildPhase;
			buildActionMask = 2147483647;
			files = (
				9E8EC6431B62BD48F7238310 /* App.swift in Sources */,
				0E1FCFA6ACBCC9F0D800063C /* Camera.swift in Sources */,
				660C57B52E700CC30069779C /* Prediction.swift in Sources */,
				BF0056B7766FD333CC4816AB /* ContentView.swift in Sources */,
				8D462CFE8EDE623CBC3886A1 /* DetectionViewModel.swift in Sources */,
				660C57B32E6FFB830069779C /* YOLOv8.mlpackage in Sources */,
				1B3D716A8EE18AC92A2B1314 /* ImagePicker.swift in Sources */,
				B83C3C769C63CB8AFECF6D78 /* Overlay.swift in Sources */,
				A127CD36DE17876B2147F45A /* SettingsView.swift in Sources */,
			);
			runOnlyForDeploymentPostprocessing = 0;
		};
/* End PBXSourcesBuildPhase section */

/* Begin XCBuildConfiguration section */
		04A8DBCEA6B80D818F340466 /* Debug */ = {
			isa = XCBuildConfiguration;
			buildSettings = {
				ALWAYS_SEARCH_USER_PATHS = NO;
				CLANG_ANALYZER_NONNULL = YES;
				CLANG_ANALYZER_NUMBER_OBJECT_CONVERSION = YES_AGGRESSIVE;
				CLANG_CXX_LANGUAGE_STANDARD = "gnu++14";
				CLANG_CXX_LIBRARY = "libc++";
				CLANG_ENABLE_MODULES = YES;
				CLANG_ENABLE_OBJC_ARC = YES;
				CLANG_ENABLE_OBJC_WEAK = YES;
				CLANG_WARN_BLOCK_CAPTURE_AUTORELEASING = YES;
				CLANG_WARN_BOOL_CONVERSION = YES;
				CLANG_WARN_COMMA = YES;
				CLANG_WARN_CONSTANT_CONVERSION = YES;
				CLANG_WARN_DEPRECATED_OBJC_IMPLEMENTATIONS = YES;
				CLANG_WARN_DIRECT_OBJC_ISA_USAGE = YES_ERROR;
				CLANG_WARN_DOCUMENTATION_COMMENTS = YES;
				CLANG_WARN_EMPTY_BODY = YES;
				CLANG_WARN_ENUM_CONVERSION = YES;
				CLANG_WARN_INFINITE_RECURSION = YES;
				CLANG_WARN_INT_CONVERSION = YES;
				CLANG_WARN_NON_LITERAL_NULL_CONVERSION = YES;
				CLANG_WARN_OBJC_IMPLICIT_RETAIN_SELF = YES;
				CLANG_WARN_OBJC_LITERAL_CONVERSION = YES;
				CLANG_WARN_OBJC_ROOT_CLASS = YES_ERROR;
				CLANG_WARN_QUOTED_INCLUDE_IN_FRAMEWORK_HEADER = YES;
				CLANG_WARN_RANGE_LOOP_ANALYSIS = YES;
				CLANG_WARN_STRICT_PROTOTYPES = YES;
				CLANG_WARN_SUSPICIOUS_MOVE = YES;
				CLANG_WARN_UNGUARDED_AVAILABILITY = YES_AGGRESSIVE;
				CLANG_WARN_UNREACHABLE_CODE = YES;
				CLANG_WARN__DUPLICATE_METHOD_MATCH = YES;
				COPY_PHASE_STRIP = NO;
				DEBUG_INFORMATION_FORMAT = dwarf;
				ENABLE_STRICT_OBJC_MSGSEND = YES;
				ENABLE_TESTABILITY = YES;
				GCC_C_LANGUAGE_STANDARD = gnu11;
				GCC_DYNAMIC_NO_PIC = NO;
				GCC_NO_COMMON_BLOCKS = YES;
				GCC_OPTIMIZATION_LEVEL = 0;
				GCC_PREPROCESSOR_DEFINITIONS = (
					"$(inherited)",
					"DEBUG=1",
				);
				GCC_WARN_64_TO_32_BIT_CONVERSION = YES;
				GCC_WARN_ABOUT_RETURN_TYPE = YES_ERROR;
				GCC_WARN_UNDECLARED_SELECTOR = YES;
				GCC_WARN_UNINITIALIZED_AUTOS = YES_AGGRESSIVE;
				GCC_WARN_UNUSED_FUNCTION = YES;
				GCC_WARN_UNUSED_VARIABLE = YES;
				IPHONEOS_DEPLOYMENT_TARGET = 16.0;
				MTL_ENABLE_DEBUG_INFO = INCLUDE_SOURCE;
				MTL_FAST_MATH = YES;
				ONLY_ACTIVE_ARCH = YES;
				PRODUCT_NAME = "$(TARGET_NAME)";
				SDKROOT = iphoneos;
				SWIFT_ACTIVE_COMPILATION_CONDITIONS = DEBUG;
				SWIFT_OPTIMIZATION_LEVEL = "-Onone";
				SWIFT_VERSION = 5.0;
			};
			name = Debug;
		};
		A18D2AD6BF5C422CAF892180 /* Release */ = {
			isa = XCBuildConfiguration;
			buildSettings = {
				ALWAYS_SEARCH_USER_PATHS = NO;
				CLANG_ANALYZER_NONNULL = YES;
				CLANG_ANALYZER_NUMBER_OBJECT_CONVERSION = YES_AGGRESSIVE;
				CLANG_CXX_LANGUAGE_STANDARD = "gnu++14";
				CLANG_CXX_LIBRARY = "libc++";
				CLANG_ENABLE_MODULES = YES;
				CLANG_ENABLE_OBJC_ARC = YES;
				CLANG_ENABLE_OBJC_WEAK = YES;
				CLANG_WARN_BLOCK_CAPTURE_AUTORELEASING = YES;
				CLANG_WARN_BOOL_CONVERSION = YES;
				CLANG_WARN_COMMA = YES;
				CLANG_WARN_CONSTANT_CONVERSION = YES;
				CLANG_WARN_DEPRECATED_OBJC_IMPLEMENTATIONS = YES;
				CLANG_WARN_DIRECT_OBJC_ISA_USAGE = YES_ERROR;
				CLANG_WARN_DOCUMENTATION_COMMENTS = YES;
				CLANG_WARN_EMPTY_BODY = YES;
				CLANG_WARN_ENUM_CONVERSION = YES;
				CLANG_WARN_INFINITE_RECURSION = YES;
				CLANG_WARN_INT_CONVERSION = YES;
				CLANG_WARN_NON_LITERAL_NULL_CONVERSION = YES;
				CLANG_WARN_OBJC_IMPLICIT_RETAIN_SELF = YES;
				CLANG_WARN_OBJC_LITERAL_CONVERSION = YES;
				CLANG_WARN_OBJC_ROOT_CLASS = YES_ERROR;
				CLANG_WARN_QUOTED_INCLUDE_IN_FRAMEWORK_HEADER = YES;
				CLANG_WARN_RANGE_LOOP_ANALYSIS = YES;
				CLANG_WARN_STRICT_PROTOTYPES = YES;
				CLANG_WARN_SUSPICIOUS_MOVE = YES;
				CLANG_WARN_UNGUARDED_AVAILABILITY = YES_AGGRESSIVE;
				CLANG_WARN_UNREACHABLE_CODE = YES;
				CLANG_WARN__DUPLICATE_METHOD_MATCH = YES;
				COPY_PHASE_STRIP = NO;
				DEBUG_INFORMATION_FORMAT = "dwarf-with-dsym";
				ENABLE_NS_ASSERTIONS = NO;
				ENABLE_STRICT_OBJC_MSGSEND = YES;
				GCC_C_LANGUAGE_STANDARD = gnu11;
				GCC_NO_COMMON_BLOCKS = YES;
				GCC_WARN_64_TO_32_BIT_CONVERSION = YES;
				GCC_WARN_ABOUT_RETURN_TYPE = YES_ERROR;
				GCC_WARN_UNDECLARED_SELECTOR = YES;
				GCC_WARN_UNINITIALIZED_AUTOS = YES_AGGRESSIVE;
				GCC_WARN_UNUSED_FUNCTION = YES;
				GCC_WARN_UNUSED_VARIABLE = YES;
				IPHONEOS_DEPLOYMENT_TARGET = 16.0;
				MTL_ENABLE_DEBUG_INFO = NO;
				MTL_FAST_MATH = YES;
				PRODUCT_NAME = "$(TARGET_NAME)";
				SDKROOT = iphoneos;
				SWIFT_COMPILATION_MODE = wholemodule;
				SWIFT_OPTIMIZATION_LEVEL = "-O";
				SWIFT_VERSION = 5.0;
			};
			name = Release;
		};
		C81D4655E245397621399295 /* Release */ = {
			isa = XCBuildConfiguration;
			buildSettings = {
				ASSETCATALOG_COMPILER_APPICON_NAME = AppIcon;
				CODE_SIGN_IDENTITY = "iPhone Developer";
				CODE_SIGN_STYLE = Automatic;
				CURRENT_PROJECT_VERSION = 1;
				DEVELOPMENT_TEAM = AX3C88RTZZ;
				INFOPLIST_FILE = Resources/Info.plist;
				IPHONEOS_DEPLOYMENT_TARGET = 16.0;
				LD_RUNPATH_SEARCH_PATHS = (
					"$(inherited)",
					"@executable_path/Frameworks",
				);
				MARKETING_VERSION = 1.0.2;
				PRODUCT_BUNDLE_IDENTIFIER = com.example.yolov8demo;
				SDKROOT = iphoneos;
				SWIFT_VERSION = 5.1;
				TARGETED_DEVICE_FAMILY = "1,2";
			};
			name = Release;
		};
		F79C07DFD70B40ADF4DB6C5E /* Debug */ = {
			isa = XCBuildConfiguration;
			buildSettings = {
				ASSETCATALOG_COMPILER_APPICON_NAME = AppIcon;
				CODE_SIGN_IDENTITY = "iPhone Developer";
				CODE_SIGN_STYLE = Automatic;
				CURRENT_PROJECT_VERSION = 1;
				DEVELOPMENT_TEAM = AX3C88RTZZ;
				INFOPLIST_FILE = Resources/Info.plist;
				IPHONEOS_DEPLOYMENT_TARGET = 16.0;
				LD_RUNPATH_SEARCH_PATHS = (
					"$(inherited)",
					"@executable_path/Frameworks",
				);
				MARKETING_VERSION = 1.0.2;
				PRODUCT_BUNDLE_IDENTIFIER = com.example.yolov8demo;
				SDKROOT = iphoneos;
				SWIFT_VERSION = 5.1;
				TARGETED_DEVICE_FAMILY = "1,2";
			};
			name = Debug;
		};
/* End XCBuildConfiguration section */

/* Begin XCConfigurationList section */
		C6D01ED2F369C324E47FCCE1 /* Build configuration list for PBXNativeTarget "YOLOv8Demo" */ = {
			isa = XCConfigurationList;
			buildConfigurations = (
				F79C07DFD70B40ADF4DB6C5E /* Debug */,
				C81D4655E245397621399295 /* Release */,
			);
			defaultConfigurationIsVisible = 0;
			defaultConfigurationName = Debug;
		};
		CD28099F64CA194C0697ECB9 /* Build configuration list for PBXProject "YOLOv8Demo" */ = {
			isa = XCConfigurationList;
			buildConfigurations = (
				04A8DBCEA6B80D818F340466 /* Debug */,
				A18D2AD6BF5C422CAF892180 /* Release */,
			);
			defaultConfigurationIsVisible = 0;
			defaultConfigurationName = Debug;
		};
/* End XCConfigurationList section */
	};
	rootObject = EB4DC85892C14F77388264BE /* Project object */;
}
